{
  "name": "functions",
  "version": "1.0.0",
  "lockfileVersion": 1,
  "requires": true,
  "dependencies": {
    "serverless-pseudo-parameters": {
      "version": "2.5.0",
      "resolved": "https://registry.npmjs.org/serverless-pseudo-parameters/-/serverless-pseudo-parameters-2.5.0.tgz",
      "integrity": "sha512-A/O49AR8LL6jlnPSmnOTYgL1KqVgskeRla4sVDeS/r5dHFJlwOU5MgFilc7aaQP8NWAwRJANaIS9oiSE3I+VUA=="
    }
  }
}
